
Microsoft Visual Studio Solution File, Format Version 12.00
Project("{FAE04EC0-301F-11D3-BF4B-00C04F79EFBC}") = "Laba6", "Laba6\Laba6.csproj", "{6460DE8F-3316-455A-B3D0-3F731FF36BA6}"
EndProject
Global
	GlobalSection(SolutionConfigurationPlatforms) = preSolution
		Debug|Any CPU = Debug|Any CPU
		Release|Any CPU = Release|Any CPU
	EndGlobalSection
	GlobalSection(ProjectConfigurationPlatforms) = postSolution
		{6460DE8F-3316-455A-B3D0-3F731FF36BA6}.Debug|Any CPU.ActiveCfg = Debug|Any CPU
		{6460DE8F-3316-455A-B3D0-3F731FF36BA6}.Debug|Any CPU.Build.0 = Debug|Any CPU
		{6460DE8F-3316-455A-B3D0-3F731FF36BA6}.Release|Any CPU.ActiveCfg = Release|Any CPU
		{6460DE8F-3316-455A-B3D0-3F731FF36BA6}.Release|Any CPU.Build.0 = Release|Any CPU
	EndGlobalSection
EndGlobal
